
Microsoft Visual Studio Solution File, Format Version 12.00
# Visual Studio Version 16
VisualStudioVersion = 16.0.31025.194
MinimumVisualStudioVersion = 10.0.40219.1
Project("{FAE04EC0-301F-11D3-BF4B-00C04F79EFBC}") = "Client", "src\Client\Client.csproj", "{A2E3979E-42E6-4FA2-94E9-BAE9E15BABBA}"
EndProject
Project("{FAE04EC0-301F-11D3-BF4B-00C04F79EFBC}") = "Server", "src\Server\Server.csproj", "{2B33BC8C-D0E7-401F-86D7-9DC37496507A}"
EndProject
Global
	GlobalSection(SolutionConfigurationPlatforms) = preSolution
		Debug|Any CPU = Debug|Any CPU
		Release|Any CPU = Release|Any CPU
	EndGlobalSection
	GlobalSection(ProjectConfigurationPlatforms) = postSolution
		{A2E3979E-42E6-4FA2-94E9-BAE9E15BABBA}.Debug|Any CPU.ActiveCfg = Debug|Any CPU
		{A2E3979E-42E6-4FA2-94E9-BAE9E15BABBA}.Debug|Any CPU.Build.0 = Debug|Any CPU
		{A2E3979E-42E6-4FA2-94E9-BAE9E15BABBA}.Release|Any CPU.ActiveCfg = Release|Any CPU
		{A2E3979E-42E6-4FA2-94E9-BAE9E15BABBA}.Release|Any CPU.Build.0 = Release|Any CPU
		{2B33BC8C-D0E7-401F-86D7-9DC37496507A}.Debug|Any CPU.ActiveCfg = Debug|Any CPU
		{2B33BC8C-D0E7-401F-86D7-9DC37496507A}.Debug|Any CPU.Build.0 = Debug|Any CPU
		{2B33BC8C-D0E7-401F-86D7-9DC37496507A}.Release|Any CPU.ActiveCfg = Release|Any CPU
		{2B33BC8C-D0E7-401F-86D7-9DC37496507A}.Release|Any CPU.Build.0 = Release|Any CPU
	EndGlobalSection
	GlobalSection(SolutionProperties) = preSolution
		HideSolutionNode = FALSE
	EndGlobalSection
	GlobalSection(ExtensibilityGlobals) = postSolution
		SolutionGuid = {F8F61CF5-5FB8-45D1-9F6B-8F19AA9F424E}
	EndGlobalSection
EndGlobal
